
Microsoft Visual Studio Solution File, Format Version 12.00
# Visual Studio Version 16
VisualStudioVersion = 16.0.31019.35
MinimumVisualStudioVersion = 10.0.40219.1
Project("{FAE04EC0-301F-11D3-BF4B-00C04F79EFBC}") = "PopupFinderGui", "PopupFinderGui.csproj", "{4AACCAB9-B2C9-4B28-9D17-216EE4D44196}"
EndProject
Global
	GlobalSection(SolutionConfigurationPlatforms) = preSolution
		Debug|Any CPU = Debug|Any CPU
		Release|Any CPU = Release|Any CPU
	EndGlobalSection
	GlobalSection(ProjectConfigurationPlatforms) = postSolution
		{4AACCAB9-B2C9-4B28-9D17-216EE4D44196}.Debug|Any CPU.ActiveCfg = Debug|Any CPU
		{4AACCAB9-B2C9-4B28-9D17-216EE4D44196}.Debug|Any CPU.Build.0 = Debug|Any CPU
		{4AACCAB9-B2C9-4B28-9D17-216EE4D44196}.Release|Any CPU.ActiveCfg = Release|Any CPU
		{4AACCAB9-B2C9-4B28-9D17-216EE4D44196}.Release|Any CPU.Build.0 = Release|Any CPU
	EndGlobalSection
	GlobalSection(SolutionProperties) = preSolution
		HideSolutionNode = FALSE
	EndGlobalSection
	GlobalSection(ExtensibilityGlobals) = postSolution
		SolutionGuid = {BB31EE8B-B707-4254-A77E-FD6C17E93D25}
	EndGlobalSection
EndGlobal
